#MicroXplorer Configuration settings - do not modify
#Sat Jun 06 13:19:07 CEST 2015
Dma.DCMI.0.Channel=DMA_CHANNEL_1
Dma.DCMI.0.Direction=DMA_PERIPH_TO_MEMORY
Dma.DCMI.0.FIFOMode=DMA_FIFOMODE_DISABLE
Dma.DCMI.0.Instance=DMA2_Stream1
Dma.DCMI.0.MemDataAlignment=DMA_MDATAALIGN_WORD
Dma.DCMI.0.MemInc=DMA_MINC_ENABLE
Dma.DCMI.0.Mode=DMA_CIRCULAR
Dma.DCMI.0.PeriphDataAlignment=DMA_PDATAALIGN_WORD
Dma.DCMI.0.PeriphInc=DMA_PINC_DISABLE
Dma.DCMI.0.Priority=DMA_PRIORITY_HIGH
Dma.DCMI.0.RequestParameters=Instance,Channel,Direction,PeriphInc,MemInc,PeriphDataAlignment,MemDataAlignment,Mode,Priority,FIFOMode
Dma.Request0=DCMI
Dma.RequestsNb=1
File.Version=4
KeepUserPlacement=false
Mcu.Family=STM32F4
Mcu.IP0=CRC
Mcu.IP1=DCMI
Mcu.IP2=DMA
Mcu.IP3=I2C1
Mcu.IP4=NVIC
Mcu.IP5=RCC
Mcu.IP6=TIM7
Mcu.IPNb=7
Mcu.Name=STM32F407V(E-G)Tx
Mcu.Package=LQFP100
Mcu.Pin0=PE4
Mcu.Pin1=PE5
Mcu.Pin10=PB6
Mcu.Pin11=PB7
Mcu.Pin12=PB8
Mcu.Pin13=PB9
Mcu.Pin14=PE0
Mcu.Pin15=PE1
Mcu.Pin16=VP_CRC_VS_CRC
Mcu.Pin17=VP_TIM7_VS_ClockSourceINT
Mcu.Pin2=PE6
Mcu.Pin3=PA4
Mcu.Pin4=PA6
Mcu.Pin5=PD12
Mcu.Pin6=PD13
Mcu.Pin7=PC6
Mcu.Pin8=PC7
Mcu.Pin9=PD6
Mcu.PinsNb=18
Mcu.UserName=STM32F407VGTx
NVIC.DCMI_IRQn=true\:0\:0
NVIC.I2C1_ER_IRQn=true\:0\:0
NVIC.I2C1_EV_IRQn=true\:0\:0
NVIC.PriorityGroup=NVIC_PRIORITYGROUP_2
NVIC.SysTick_IRQn=true\:0\:0
NVIC.TIM7_IRQn=true\:0\:0
PA4.GPIOParameters=GPIO_Speed,GPIO_PuPd,GPIO_Mode
PA4.GPIO_Mode=GPIO_MODE_AF_PP
PA4.GPIO_PuPd=GPIO_PULLUP
PA4.GPIO_Speed=GPIO_SPEED_HIGH
PA4.Mode=Slave_8_bits_External_Synchro
PA4.Signal=DCMI_HSYNC
PA6.GPIOParameters=GPIO_Speed,GPIO_PuPd,GPIO_Mode
PA6.GPIO_Mode=GPIO_MODE_AF_PP
PA6.GPIO_PuPd=GPIO_PULLUP
PA6.GPIO_Speed=GPIO_SPEED_HIGH
PA6.Mode=Slave_8_bits_External_Synchro
PA6.Signal=DCMI_PIXCK
PB6.GPIOParameters=GPIO_Speed,GPIO_PuPd,GPIO_Mode
PB6.GPIO_Mode=GPIO_MODE_AF_PP
PB6.GPIO_PuPd=GPIO_PULLUP
PB6.GPIO_Speed=GPIO_SPEED_HIGH
PB6.Mode=Slave_8_bits_External_Synchro
PB6.Signal=DCMI_D5
PB7.GPIOParameters=GPIO_Speed,GPIO_PuPd,GPIO_Mode
PB7.GPIO_Mode=GPIO_MODE_AF_PP
PB7.GPIO_PuPd=GPIO_PULLUP
PB7.GPIO_Speed=GPIO_SPEED_HIGH
PB7.Mode=Slave_8_bits_External_Synchro
PB7.Signal=DCMI_VSYNC
PB8.GPIOParameters=GPIO_Speed,GPIO_PuPd,GPIO_Mode
PB8.GPIO_Mode=GPIO_MODE_AF_OD
PB8.GPIO_PuPd=GPIO_PULLUP
PB8.GPIO_Speed=GPIO_SPEED_HIGH
PB8.Mode=I2C
PB8.Signal=I2C1_SCL
PB9.GPIOParameters=GPIO_Speed,GPIO_PuPd,GPIO_Mode
PB9.GPIO_Mode=GPIO_MODE_AF_OD
PB9.GPIO_PuPd=GPIO_PULLUP
PB9.GPIO_Speed=GPIO_SPEED_LOW
PB9.Mode=I2C
PB9.Signal=I2C1_SDA
PC6.GPIOParameters=GPIO_Speed,GPIO_PuPd,GPIO_Mode
PC6.GPIO_Mode=GPIO_MODE_AF_PP
PC6.GPIO_PuPd=GPIO_PULLUP
PC6.GPIO_Speed=GPIO_SPEED_HIGH
PC6.Mode=Slave_8_bits_External_Synchro
PC6.Signal=DCMI_D0
PC7.GPIOParameters=GPIO_Speed,GPIO_PuPd,GPIO_Mode
PC7.GPIO_Mode=GPIO_MODE_AF_PP
PC7.GPIO_PuPd=GPIO_PULLUP
PC7.GPIO_Speed=GPIO_SPEED_HIGH
PC7.Mode=Slave_8_bits_External_Synchro
PC7.Signal=DCMI_D1
PCC.Family=STM32F4
PCC.MCU=STM32F407V(E-G)Tx
PCC.MXVersion=4.3.1
PCC.PartNumber=STM32F407VGTx
PCC.Seq0=0
PCC.SubFamily=STM32F407/417
PCC.Temperature=25
PCC.Vdd=3.3
PD12.GPIOParameters=GPIO_Speed,GPIO_PuPd,GPIO_Label,GPIO_ModeDefaultOutputPP
PD12.GPIO_Label=Camera Reset
PD12.GPIO_ModeDefaultOutputPP=GPIO_MODE_OUTPUT_PP
PD12.GPIO_PuPd=GPIO_NOPULL
PD12.GPIO_Speed=GPIO_SPEED_FAST
PD12.Locked=true
PD12.Signal=GPIO_Output
PD13.GPIOParameters=GPIO_Speed,GPIO_PuPd,GPIO_Label,GPIO_ModeDefaultOutputPP
PD13.GPIO_Label=Led_Orange
PD13.GPIO_ModeDefaultOutputPP=GPIO_MODE_OUTPUT_PP
PD13.GPIO_PuPd=GPIO_PULLDOWN
PD13.GPIO_Speed=GPIO_SPEED_FAST
PD13.Locked=true
PD13.Signal=GPIO_Output
PD6.GPIOParameters=GPIO_Speed,GPIO_PuPd,GPIO_Label,GPIO_ModeDefaultOutputPP
PD6.GPIO_Label=Camera Power
PD6.GPIO_ModeDefaultOutputPP=GPIO_MODE_OUTPUT_PP
PD6.GPIO_PuPd=GPIO_NOPULL
PD6.GPIO_Speed=GPIO_SPEED_FAST
PD6.Locked=true
PD6.Signal=GPIO_Output
PE0.GPIOParameters=GPIO_Speed,GPIO_PuPd,GPIO_Mode
PE0.GPIO_Mode=GPIO_MODE_AF_PP
PE0.GPIO_PuPd=GPIO_PULLUP
PE0.GPIO_Speed=GPIO_SPEED_HIGH
PE0.Locked=true
PE0.Mode=Slave_8_bits_External_Synchro
PE0.Signal=DCMI_D2
PE1.GPIOParameters=GPIO_Speed,GPIO_PuPd,GPIO_Mode
PE1.GPIO_Mode=GPIO_MODE_AF_PP
PE1.GPIO_PuPd=GPIO_PULLUP
PE1.GPIO_Speed=GPIO_SPEED_HIGH
PE1.Locked=true
PE1.Mode=Slave_8_bits_External_Synchro
PE1.Signal=DCMI_D3
PE4.GPIOParameters=GPIO_Speed,GPIO_PuPd,GPIO_Mode
PE4.GPIO_Mode=GPIO_MODE_AF_PP
PE4.GPIO_PuPd=GPIO_PULLUP
PE4.GPIO_Speed=GPIO_SPEED_HIGH
PE4.Mode=Slave_8_bits_External_Synchro
PE4.Signal=DCMI_D4
PE5.GPIOParameters=GPIO_Speed,GPIO_PuPd,GPIO_Mode
PE5.GPIO_Mode=GPIO_MODE_AF_PP
PE5.GPIO_PuPd=GPIO_PULLUP
PE5.GPIO_Speed=GPIO_SPEED_HIGH
PE5.Mode=Slave_8_bits_External_Synchro
PE5.Signal=DCMI_D6
PE6.GPIOParameters=GPIO_Speed,GPIO_PuPd,GPIO_Mode
PE6.GPIO_Mode=GPIO_MODE_AF_PP
PE6.GPIO_PuPd=GPIO_PULLUP
PE6.GPIO_Speed=GPIO_SPEED_HIGH
PE6.Mode=Slave_8_bits_External_Synchro
PE6.Signal=DCMI_D7
ProjectManager.AskForMigrate=true
ProjectManager.BackupPrevious=true
ProjectManager.CompilerOptimize=2
ProjectManager.ComputerToolchain=false
ProjectManager.CoupleFile=true
ProjectManager.DeletePrevious=true
ProjectManager.DeviceId=STM32F407VGTx
ProjectManager.FirmwarePackage=STM32Cube FW_F4 V1.3.0
ProjectManager.FreePins=false
ProjectManager.HalAssertFull=false
ProjectManager.KeepUserCode=true
ProjectManager.LastFirmware=true
ProjectManager.LibraryCopy=0
ProjectManager.ProjectBuild=false
ProjectManager.ProjectFileName=CameraFirstTest.ioc
ProjectManager.ProjectName=CameraFirstTest
ProjectManager.TargetToolchain=MDK-ARM 4.73
RCC.APB1CLKDivider=RCC_HCLK_DIV4
RCC.APB2CLKDivider=RCC_HCLK_DIV2
RCC.FamilyName=M
RCC.HSE_VALUE=25000000
RCC.HSI_VALUE=16000000
RCC.IPParameters=,LSI_VALUE,FamilyName,APB1CLKDivider,APB2CLKDivider,PLLN,VcooutputI2S,PLLQ,SYSCLKSource,LSE_VALUE,HSE_VALUE,HSI_VALUE
RCC.LSE_VALUE=32768
RCC.LSI_VALUE=32000
RCC.PLLN=336
RCC.PLLQ=7
RCC.SYSCLKSource=RCC_SYSCLKSOURCE_PLLCLK
RCC.VcooutputI2S=96000000
TIM7.IPParameters=Prescaler,Period
TIM7.Period=62499
TIM7.Prescaler=671
VP_CRC_VS_CRC.Mode=CRC_Activate
VP_CRC_VS_CRC.Signal=CRC_VS_CRC
VP_TIM7_VS_ClockSourceINT.Mode=Enable_Timer
VP_TIM7_VS_ClockSourceINT.Signal=TIM7_VS_ClockSourceINT
